// !$*UTF8*$!
{
	archiveVersion = 1;
	classes = {
	};
	objectVersion = 46;
	objects = {

/* Begin PBXBuildFile section */
		2749F3361B83632F00435A1B /* GetURL.js in Resources */ = {isa = PBXBuildFile; fileRef = 2749F3351B83632F00435A1B /* GetURL.js */; };
		2768DF561B823D8000F657DF /* AppDelegate.swift in Sources */ = {isa = PBXBuildFile; fileRef = 2768DF551B823D8000F657DF /* AppDelegate.swift */; };
		2768DF581B823D8000F657DF /* ViewController.swift in Sources */ = {isa = PBXBuildFile; fileRef = 2768DF571B823D8000F657DF /* ViewController.swift */; };
		2768DF5B1B823D8000F657DF /* Main.storyboard in Resources */ = {isa = PBXBuildFile; fileRef = 2768DF591B823D8000F657DF /* Main.storyboard */; };
		2768DF5D1B823D8000F657DF /* Assets.xcassets in Resources */ = {isa = PBXBuildFile; fileRef = 2768DF5C1B823D8000F657DF /* Assets.xcassets */; };
		2768DF601B823D8000F657DF /* LaunchScreen.storyboard in Resources */ = {isa = PBXBuildFile; fileRef = 2768DF5E1B823D8000F657DF /* LaunchScreen.storyboard */; };
		279B3EDB1B8282D300FEEDA4 /* ActionViewController.swift in Sources */ = {isa = PBXBuildFile; fileRef = 279B3EDA1B8282D300FEEDA4 /* ActionViewController.swift */; };
		279B3EDE1B8282D300FEEDA4 /* MainInterface.storyboard in Resources */ = {isa = PBXBuildFile; fileRef = 279B3EDC1B8282D300FEEDA4 /* MainInterface.storyboard */; };
		279B3EE21B8282D300FEEDA4 /* frst-extension.appex in Embed App Extensions */ = {isa = PBXBuildFile; fileRef = 279B3ED81B8282D300FEEDA4 /* frst-extension.appex */; settings = {ATTRIBUTES = (RemoveHeadersOnCopy, ); }; };
		D0B9B3863E4BECC862A6B81F /* Pods.framework in Frameworks */ = {isa = PBXBuildFile; fileRef = 937F85F6FDE3B7FAFBB118D8 /* Pods.framework */; settings = {ATTRIBUTES = (Weak, ); }; };
		FBC6BF1C049A02E96B6ED01E /* Pods_frst.framework in Frameworks */ = {isa = PBXBuildFile; fileRef = 1EDDFA7E8E8E4B6E46FE6470 /* Pods_frst.framework */; settings = {ATTRIBUTES = (Weak, ); }; };
/* End PBXBuildFile section */

/* Begin PBXContainerItemProxy section */
		279B3EE01B8282D300FEEDA4 /* PBXContainerItemProxy */ = {
			isa = PBXContainerItemProxy;
			containerPortal = 2768DF4A1B823D8000F657DF /* Project object */;
			proxyType = 1;
			remoteGlobalIDString = 279B3ED71B8282D300FEEDA4;
			remoteInfo = "frst-extension";
		};
/* End PBXContainerItemProxy section */

/* Begin PBXCopyFilesBuildPhase section */
		279B3EE61B8282D300FEEDA4 /* Embed App Extensions */ = {
			isa = PBXCopyFilesBuildPhase;
			buildActionMask = 2147483647;
			dstPath = "";
			dstSubfolderSpec = 13;
			files = (
				279B3EE21B8282D300FEEDA4 /* frst-extension.appex in Embed App Extensions */,
			);
			name = "Embed App Extensions";
			runOnlyForDeploymentPostprocessing = 0;
		};
/* End PBXCopyFilesBuildPhase section */

/* Begin PBXFileReference section */
		1EDDFA7E8E8E4B6E46FE6470 /* Pods_frst.framework */ = {isa = PBXFileReference; explicitFileType = wrapper.framework; includeInIndex = 0; path = Pods_frst.framework; sourceTree = BUILT_PRODUCTS_DIR; };
		2749F3341B82A06C00435A1B /* frst.entitlements */ = {isa = PBXFileReference; lastKnownFileType = text.xml; path = frst.entitlements; sourceTree = "<group>"; };
		2749F3351B83632F00435A1B /* GetURL.js */ = {isa = PBXFileReference; fileEncoding = 4; lastKnownFileType = sourcecode.javascript; path = GetURL.js; sourceTree = "<group>"; };
		2768DF521B823D8000F657DF /* frst.app */ = {isa = PBXFileReference; explicitFileType = wrapper.application; includeInIndex = 0; path = frst.app; sourceTree = BUILT_PRODUCTS_DIR; };
		2768DF551B823D8000F657DF /* AppDelegate.swift */ = {isa = PBXFileReference; lastKnownFileType = sourcecode.swift; path = AppDelegate.swift; sourceTree = "<group>"; };
		2768DF571B823D8000F657DF /* ViewController.swift */ = {isa = PBXFileReference; lastKnownFileType = sourcecode.swift; path = ViewController.swift; sourceTree = "<group>"; };
		2768DF5A1B823D8000F657DF /* Base */ = {isa = PBXFileReference; lastKnownFileType = file.storyboard; name = Base; path = Base.lproj/Main.storyboard; sourceTree = "<group>"; };
		2768DF5C1B823D8000F657DF /* Assets.xcassets */ = {isa = PBXFileReference; lastKnownFileType = folder.assetcatalog; path = Assets.xcassets; sourceTree = "<group>"; };
		2768DF5F1B823D8000F657DF /* Base */ = {isa = PBXFileReference; lastKnownFileType = file.storyboard; name = Base; path = Base.lproj/LaunchScreen.storyboard; sourceTree = "<group>"; };
		2768DF611B823D8000F657DF /* Info.plist */ = {isa = PBXFileReference; lastKnownFileType = text.plist.xml; path = Info.plist; sourceTree = "<group>"; };
		279B3ED81B8282D300FEEDA4 /* frst-extension.appex */ = {isa = PBXFileReference; explicitFileType = "wrapper.app-extension"; includeInIndex = 0; path = "frst-extension.appex"; sourceTree = BUILT_PRODUCTS_DIR; };
		279B3EDA1B8282D300FEEDA4 /* ActionViewController.swift */ = {isa = PBXFileReference; lastKnownFileType = sourcecode.swift; path = ActionViewController.swift; sourceTree = "<group>"; };
		279B3EDD1B8282D300FEEDA4 /* Base */ = {isa = PBXFileReference; lastKnownFileType = file.storyboard; name = Base; path = Base.lproj/MainInterface.storyboard; sourceTree = "<group>"; };
		279B3EDF1B8282D300FEEDA4 /* Info.plist */ = {isa = PBXFileReference; lastKnownFileType = text.plist.xml; path = Info.plist; sourceTree = "<group>"; };
		279B3EE71B82997F00FEEDA4 /* frst-extension.entitlements */ = {isa = PBXFileReference; lastKnownFileType = text.xml; path = "frst-extension.entitlements"; sourceTree = "<group>"; };
		3BC2C9243996A247E61B7C5B /* Pods.debug.xcconfig */ = {isa = PBXFileReference; includeInIndex = 1; lastKnownFileType = text.xcconfig; name = Pods.debug.xcconfig; path = "Pods/Target Support Files/Pods/Pods.debug.xcconfig"; sourceTree = "<group>"; };
		937F85F6FDE3B7FAFBB118D8 /* Pods.framework */ = {isa = PBXFileReference; explicitFileType = wrapper.framework; includeInIndex = 0; path = Pods.framework; sourceTree = BUILT_PRODUCTS_DIR; };
		F945BE87CF3EFB66C1FBDA63 /* Pods.release.xcconfig */ = {isa = PBXFileReference; includeInIndex = 1; lastKnownFileType = text.xcconfig; name = Pods.release.xcconfig; path = "Pods/Target Support Files/Pods/Pods.release.xcconfig"; sourceTree = "<group>"; };
/* End PBXFileReference section */

/* Begin PBXFrameworksBuildPhase section */
		2768DF4F1B823D8000F657DF /* Frameworks */ = {
			isa = PBXFrameworksBuildPhase;
			buildActionMask = 2147483647;
			files = (
				D0B9B3863E4BECC862A6B81F /* Pods.framework in Frameworks */,
				FBC6BF1C049A02E96B6ED01E /* Pods_frst.framework in Frameworks */,
			);
			runOnlyForDeploymentPostprocessing = 0;
		};
		279B3ED51B8282D300FEEDA4 /* Frameworks */ = {
			isa = PBXFrameworksBuildPhase;
			buildActionMask = 2147483647;
			files = (
			);
			runOnlyForDeploymentPostprocessing = 0;
		};
/* End PBXFrameworksBuildPhase section */

/* Begin PBXGroup section */
		2768DF491B823D8000F657DF = {
			isa = PBXGroup;
			children = (
				2768DF541B823D8000F657DF /* frst */,
				279B3ED91B8282D300FEEDA4 /* frst-extension */,
				2768DF531B823D8000F657DF /* Products */,
				29BE89E6EA707BBBDB3D2A81 /* Pods */,
				39401EE76700B7475AA7477F /* Frameworks */,
			);
			sourceTree = "<group>";
		};
		2768DF531B823D8000F657DF /* Products */ = {
			isa = PBXGroup;
			children = (
				2768DF521B823D8000F657DF /* frst.app */,
				279B3ED81B8282D300FEEDA4 /* frst-extension.appex */,
			);
			name = Products;
			sourceTree = "<group>";
		};
		2768DF541B823D8000F657DF /* frst */ = {
			isa = PBXGroup;
			children = (
				2749F3341B82A06C00435A1B /* frst.entitlements */,
				2768DF551B823D8000F657DF /* AppDelegate.swift */,
				2768DF571B823D8000F657DF /* ViewController.swift */,
				2768DF591B823D8000F657DF /* Main.storyboard */,
				2768DF5C1B823D8000F657DF /* Assets.xcassets */,
				2768DF5E1B823D8000F657DF /* LaunchScreen.storyboard */,
				2768DF611B823D8000F657DF /* Info.plist */,
			);
			path = frst;
			sourceTree = "<group>";
		};
		279B3ED91B8282D300FEEDA4 /* frst-extension */ = {
			isa = PBXGroup;
			children = (
				279B3EE71B82997F00FEEDA4 /* frst-extension.entitlements */,
				279B3EDA1B8282D300FEEDA4 /* ActionViewController.swift */,
				279B3EDC1B8282D300FEEDA4 /* MainInterface.storyboard */,
				279B3EDF1B8282D300FEEDA4 /* Info.plist */,
				2749F3351B83632F00435A1B /* GetURL.js */,
			);
			path = "frst-extension";
			sourceTree = "<group>";
		};
		29BE89E6EA707BBBDB3D2A81 /* Pods */ = {
			isa = PBXGroup;
			children = (
				3BC2C9243996A247E61B7C5B /* Pods.debug.xcconfig */,
				F945BE87CF3EFB66C1FBDA63 /* Pods.release.xcconfig */,
			);
			name = Pods;
			sourceTree = "<group>";
		};
		39401EE76700B7475AA7477F /* Frameworks */ = {
			isa = PBXGroup;
			children = (
				937F85F6FDE3B7FAFBB118D8 /* Pods.framework */,
				1EDDFA7E8E8E4B6E46FE6470 /* Pods_frst.framework */,
			);
			name = Frameworks;
			sourceTree = "<group>";
		};
/* End PBXGroup section */

/* Begin PBXNativeTarget section */
		2768DF511B823D8000F657DF /* frst */ = {
			isa = PBXNativeTarget;
			buildConfigurationList = 2768DF641B823D8000F657DF /* Build configuration list for PBXNativeTarget "frst" */;
			buildPhases = (
				5078E05C6210138CEA6DE3DA /* Check Pods Manifest.lock */,
				2768DF4E1B823D8000F657DF /* Sources */,
				2768DF4F1B823D8000F657DF /* Frameworks */,
				2768DF501B823D8000F657DF /* Resources */,
				6DEDE540EE9ACF01704E59B7 /* Embed Pods Frameworks */,
				029AF4B3586F50CE9D116C0E /* Copy Pods Resources */,
				279B3EE61B8282D300FEEDA4 /* Embed App Extensions */,
			);
			buildRules = (
			);
			dependencies = (
				279B3EE11B8282D300FEEDA4 /* PBXTargetDependency */,
			);
			name = frst;
			productName = frst;
			productReference = 2768DF521B823D8000F657DF /* frst.app */;
			productType = "com.apple.product-type.application";
		};
		279B3ED71B8282D300FEEDA4 /* frst-extension */ = {
			isa = PBXNativeTarget;
			buildConfigurationList = 279B3EE31B8282D300FEEDA4 /* Build configuration list for PBXNativeTarget "frst-extension" */;
			buildPhases = (
				279B3ED41B8282D300FEEDA4 /* Sources */,
				279B3ED51B8282D300FEEDA4 /* Frameworks */,
				279B3ED61B8282D300FEEDA4 /* Resources */,
			);
			buildRules = (
			);
			dependencies = (
			);
			name = "frst-extension";
			productName = "frst-extension";
			productReference = 279B3ED81B8282D300FEEDA4 /* frst-extension.appex */;
			productType = "com.apple.product-type.app-extension";
		};
/* End PBXNativeTarget section */

/* Begin PBXProject section */
		2768DF4A1B823D8000F657DF /* Project object */ = {
			isa = PBXProject;
			attributes = {
				LastUpgradeCheck = 0700;
				ORGANIZATIONNAME = "Kyle Frost";
				TargetAttributes = {
					2768DF511B823D8000F657DF = {
						CreatedOnToolsVersion = 7.0;
						DevelopmentTeam = 34UZ7Y2KSW;
						SystemCapabilities = {
							com.apple.ApplicationGroups.iOS = {
								enabled = 1;
							};
						};
					};
					279B3ED71B8282D300FEEDA4 = {
						CreatedOnToolsVersion = 7.0;
						DevelopmentTeam = 34UZ7Y2KSW;
						SystemCapabilities = {
							com.apple.ApplicationGroups.iOS = {
								enabled = 1;
							};
						};
					};
				};
			};
			buildConfigurationList = 2768DF4D1B823D8000F657DF /* Build configuration list for PBXProject "frst" */;
			compatibilityVersion = "Xcode 3.2";
			developmentRegion = English;
			hasScannedForEncodings = 0;
			knownRegions = (
				en,
				Base,
			);
			mainGroup = 2768DF491B823D8000F657DF;
			productRefGroup = 2768DF531B823D8000F657DF /* Products */;
			projectDirPath = "";
			projectRoot = "";
			targets = (
				2768DF511B823D8000F657DF /* frst */,
				279B3ED71B8282D300FEEDA4 /* frst-extension */,
			);
		};
/* End PBXProject section */

/* Begin PBXResourcesBuildPhase section */
		2768DF501B823D8000F657DF /* Resources */ = {
			isa = PBXResourcesBuildPhase;
			buildActionMask = 2147483647;
			files = (
				2768DF601B823D8000F657DF /* LaunchScreen.storyboard in Resources */,
				2768DF5D1B823D8000F657DF /* Assets.xcassets in Resources */,
				2768DF5B1B823D8000F657DF /* Main.storyboard in Resources */,
			);
			runOnlyForDeploymentPostprocessing = 0;
		};
		279B3ED61B8282D300FEEDA4 /* Resources */ = {
			isa = PBXResourcesBuildPhase;
			buildActionMask = 2147483647;
			files = (
				279B3EDE1B8282D300FEEDA4 /* MainInterface.storyboard in Resources */,
				2749F3361B83632F00435A1B /* GetURL.js in Resources */,
			);
			runOnlyForDeploymentPostprocessing = 0;
		};
/* End PBXResourcesBuildPhase section */

/* Begin PBXShellScriptBuildPhase section */
		029AF4B3586F50CE9D116C0E /* Copy Pods Resources */ = {
			isa = PBXShellScriptBuildPhase;
			buildActionMask = 2147483647;
			files = (
			);
			inputPaths = (
			);
			name = "Copy Pods Resources";
			outputPaths = (
			);
			runOnlyForDeploymentPostprocessing = 0;
			shellPath = /bin/sh;
			shellScript = "\"${SRCROOT}/Pods/Target Support Files/Pods-frst/Pods-frst-resources.sh\"\n";
			showEnvVarsInLog = 0;
		};
		5078E05C6210138CEA6DE3DA /* Check Pods Manifest.lock */ = {
			isa = PBXShellScriptBuildPhase;
			buildActionMask = 2147483647;
			files = (
			);
			inputPaths = (
			);
			name = "Check Pods Manifest.lock";
			outputPaths = (
			);
			runOnlyForDeploymentPostprocessing = 0;
			shellPath = /bin/sh;
			shellScript = "diff \"${PODS_ROOT}/../Podfile.lock\" \"${PODS_ROOT}/Manifest.lock\" > /dev/null\nif [[ $? != 0 ]] ; then\n    cat << EOM\nerror: The sandbox is not in sync with the Podfile.lock. Run 'pod install' or update your CocoaPods installation.\nEOM\n    exit 1\nfi\n";
			showEnvVarsInLog = 0;
		};
		6DEDE540EE9ACF01704E59B7 /* Embed Pods Frameworks */ = {
			isa = PBXShellScriptBuildPhase;
			buildActionMask = 2147483647;
			files = (
			);
			inputPaths = (
			);
			name = "Embed Pods Frameworks";
			outputPaths = (
			);
			runOnlyForDeploymentPostprocessing = 0;
			shellPath = /bin/sh;
			shellScript = "\"${SRCROOT}/Pods/Target Support Files/Pods-frst/Pods-frst-frameworks.sh\"\n";
			showEnvVarsInLog = 0;
		};
/* End PBXShellScriptBuildPhase section */

/* Begin PBXSourcesBuildPhase section */
		2768DF4E1B823D8000F657DF /* Sources */ = {
			isa = PBXSourcesBuildPhase;
			buildActionMask = 2147483647;
			files = (
				2768DF581B823D8000F657DF /* ViewController.swift in Sources */,
				2768DF561B823D8000F657DF /* AppDelegate.swift in Sources */,
			);
			runOnlyForDeploymentPostprocessing = 0;
		};
		279B3ED41B8282D300FEEDA4 /* Sources */ = {
			isa = PBXSourcesBuildPhase;
			buildActionMask = 2147483647;
			files = (
				279B3EDB1B8282D300FEEDA4 /* ActionViewController.swift in Sources */,
			);
			runOnlyForDeploymentPostprocessing = 0;
		};
/* End PBXSourcesBuildPhase section */

/* Begin PBXTargetDependency section */
		279B3EE11B8282D300FEEDA4 /* PBXTargetDependency */ = {
			isa = PBXTargetDependency;
			target = 279B3ED71B8282D300FEEDA4 /* frst-extension */;
			targetProxy = 279B3EE01B8282D300FEEDA4 /* PBXContainerItemProxy */;
		};
/* End PBXTargetDependency section */

/* Begin PBXVariantGroup section */
		2768DF591B823D8000F657DF /* Main.storyboard */ = {
			isa = PBXVariantGroup;
			children = (
				2768DF5A1B823D8000F657DF /* Base */,
			);
			name = Main.storyboard;
			sourceTree = "<group>";
		};
		2768DF5E1B823D8000F657DF /* LaunchScreen.storyboard */ = {
			isa = PBXVariantGroup;
			children = (
				2768DF5F1B823D8000F657DF /* Base */,
			);
			name = LaunchScreen.storyboard;
			sourceTree = "<group>";
		};
		279B3EDC1B8282D300FEEDA4 /* MainInterface.storyboard */ = {
			isa = PBXVariantGroup;
			children = (
				279B3EDD1B8282D300FEEDA4 /* Base */,
			);
			name = MainInterface.storyboard;
			sourceTree = "<group>";
		};
/* End PBXVariantGroup section */

/* Begin XCBuildConfiguration section */
		2768DF621B823D8000F657DF /* Debug */ = {
			isa = XCBuildConfiguration;
			buildSettings = {
				ALWAYS_SEARCH_USER_PATHS = NO;
				CLANG_CXX_LANGUAGE_STANDARD = "gnu++0x";
				CLANG_CXX_LIBRARY = "libc++";
				CLANG_ENABLE_MODULES = YES;
				CLANG_ENABLE_OBJC_ARC = YES;
				CLANG_WARN_BOOL_CONVERSION = YES;
				CLANG_WARN_CONSTANT_CONVERSION = YES;
				CLANG_WARN_DIRECT_OBJC_ISA_USAGE = YES_ERROR;
				CLANG_WARN_EMPTY_BODY = YES;
				CLANG_WARN_ENUM_CONVERSION = YES;
				CLANG_WARN_INT_CONVERSION = YES;
				CLANG_WARN_OBJC_ROOT_CLASS = YES_ERROR;
				CLANG_WARN_UNREACHABLE_CODE = YES;
				CLANG_WARN__DUPLICATE_METHOD_MATCH = YES;
				"CODE_SIGN_IDENTITY[sdk=iphoneos*]" = "iPhone Developer";
				COPY_PHASE_STRIP = NO;
				DEBUG_INFORMATION_FORMAT = dwarf;
				ENABLE_STRICT_OBJC_MSGSEND = YES;
				ENABLE_TESTABILITY = YES;
				GCC_C_LANGUAGE_STANDARD = gnu99;
				GCC_DYNAMIC_NO_PIC = NO;
				GCC_NO_COMMON_BLOCKS = YES;
				GCC_OPTIMIZATION_LEVEL = 0;
				GCC_PREPROCESSOR_DEFINITIONS = (
					"DEBUG=1",
					"$(inherited)",
				);
				GCC_WARN_64_TO_32_BIT_CONVERSION = YES;
				GCC_WARN_ABOUT_RETURN_TYPE = YES_ERROR;
				GCC_WARN_UNDECLARED_SELECTOR = YES;
				GCC_WARN_UNINITIALIZED_AUTOS = YES_AGGRESSIVE;
				GCC_WARN_UNUSED_FUNCTION = YES;
				GCC_WARN_UNUSED_VARIABLE = YES;
				IPHONEOS_DEPLOYMENT_TARGET = 9.0;
				MTL_ENABLE_DEBUG_INFO = YES;
				ONLY_ACTIVE_ARCH = YES;
				SDKROOT = iphoneos;
				SWIFT_OPTIMIZATION_LEVEL = "-Onone";
			};
			name = Debug;
		};
		2768DF631B823D8000F657DF /* Release */ = {
			isa = XCBuildConfiguration;
			buildSettings = {
				ALWAYS_SEARCH_USER_PATHS = NO;
				CLANG_CXX_LANGUAGE_STANDARD = "gnu++0x";
				CLANG_CXX_LIBRARY = "libc++";
				CLANG_ENABLE_MODULES = YES;
				CLANG_ENABLE_OBJC_ARC = YES;
				CLANG_WARN_BOOL_CONVERSION = YES;
				CLANG_WARN_CONSTANT_CONVERSION = YES;
				CLANG_WARN_DIRECT_OBJC_ISA_USAGE = YES_ERROR;
				CLANG_WARN_EMPTY_BODY = YES;
				CLANG_WARN_ENUM_CONVERSION = YES;
				CLANG_WARN_INT_CONVERSION = YES;
				CLANG_WARN_OBJC_ROOT_CLASS = YES_ERROR;
				CLANG_WARN_UNREACHABLE_CODE = YES;
				CLANG_WARN__DUPLICATE_METHOD_MATCH = YES;
				"CODE_SIGN_IDENTITY[sdk=iphoneos*]" = "iPhone Developer";
				COPY_PHASE_STRIP = NO;
				DEBUG_INFORMATION_FORMAT = "dwarf-with-dsym";
				ENABLE_NS_ASSERTIONS = NO;
				ENABLE_STRICT_OBJC_MSGSEND = YES;
				GCC_C_LANGUAGE_STANDARD = gnu99;
				GCC_NO_COMMON_BLOCKS = YES;
				GCC_WARN_64_TO_32_BIT_CONVERSION = YES;
				GCC_WARN_ABOUT_RETURN_TYPE = YES_ERROR;
				GCC_WARN_UNDECLARED_SELECTOR = YES;
				GCC_WARN_UNINITIALIZED_AUTOS = YES_AGGRESSIVE;
				GCC_WARN_UNUSED_FUNCTION = YES;
				GCC_WARN_UNUSED_VARIABLE = YES;
				IPHONEOS_DEPLOYMENT_TARGET = 9.0;
				MTL_ENABLE_DEBUG_INFO = NO;
				SDKROOT = iphoneos;
				VALIDATE_PRODUCT = YES;
			};
			name = Release;
		};
		2768DF651B823D8000F657DF /* Debug */ = {
			isa = XCBuildConfiguration;
			baseConfigurationReference = 3BC2C9243996A247E61B7C5B /* Pods.debug.xcconfig */;
			buildSettings = {
				ASSETCATALOG_COMPILER_APPICON_NAME = AppIcon;
				CODE_SIGN_ENTITLEMENTS = frst/frst.entitlements;
				CODE_SIGN_IDENTITY = "iPhone Developer";
				"CODE_SIGN_IDENTITY[sdk=iphoneos*]" = "iPhone Developer";
				EMBEDDED_CONTENT_CONTAINS_SWIFT = YES;
				INFOPLIST_FILE = frst/Info.plist;
				LD_RUNPATH_SEARCH_PATHS = "$(inherited) @executable_path/Frameworks";
				PRODUCT_BUNDLE_IDENTIFIER = com.kylefrost.frst;
				PRODUCT_NAME = "$(TARGET_NAME)";
				PROVISIONING_PROFILE = "";
			};
			name = Debug;
		};
		2768DF661B823D8000F657DF /* Release */ = {
			isa = XCBuildConfiguration;
			baseConfigurationReference = F945BE87CF3EFB66C1FBDA63 /* Pods.release.xcconfig */;
			buildSettings = {
				ASSETCATALOG_COMPILER_APPICON_NAME = AppIcon;
				CODE_SIGN_ENTITLEMENTS = frst/frst.entitlements;
				CODE_SIGN_IDENTITY = "iPhone Developer";
				"CODE_SIGN_IDENTITY[sdk=iphoneos*]" = "iPhone Developer";
				EMBEDDED_CONTENT_CONTAINS_SWIFT = YES;
				INFOPLIST_FILE = frst/Info.plist;
				LD_RUNPATH_SEARCH_PATHS = "$(inherited) @executable_path/Frameworks";
				PRODUCT_BUNDLE_IDENTIFIER = com.kylefrost.frst;
				PRODUCT_NAME = "$(TARGET_NAME)";
				PROVISIONING_PROFILE = "";
			};
			name = Release;
		};
		279B3EE41B8282D300FEEDA4 /* Debug */ = {
			isa = XCBuildConfiguration;
			buildSettings = {
				CODE_SIGN_ENTITLEMENTS = "frst-extension/frst-extension.entitlements";
				CODE_SIGN_IDENTITY = "iPhone Developer";
				"CODE_SIGN_IDENTITY[sdk=iphoneos*]" = "iPhone Developer";
				INFOPLIST_FILE = "frst-extension/Info.plist";
				LD_RUNPATH_SEARCH_PATHS = "$(inherited) @executable_path/Frameworks @executable_path/../../Frameworks";
				PRODUCT_BUNDLE_IDENTIFIER = "com.kylefrost.frst.frst-extension";
				PRODUCT_NAME = "$(TARGET_NAME)";
				PROVISIONING_PROFILE = "";
				SKIP_INSTALL = YES;
			};
			name = Debug;
		};
		279B3EE51B8282D300FEEDA4 /* Release */ = {
			isa = XCBuildConfiguration;
			buildSettings = {
				CODE_SIGN_ENTITLEMENTS = "frst-extension/frst-extension.entitlements";
				CODE_SIGN_IDENTITY = "iPhone Developer";
				"CODE_SIGN_IDENTITY[sdk=iphoneos*]" = "iPhone Developer";
				INFOPLIST_FILE = "frst-extension/Info.plist";
				LD_RUNPATH_SEARCH_PATHS = "$(inherited) @executable_path/Frameworks @executable_path/../../Frameworks";
				PRODUCT_BUNDLE_IDENTIFIER = "com.kylefrost.frst.frst-extension";
				PRODUCT_NAME = "$(TARGET_NAME)";
				PROVISIONING_PROFILE = "";
				SKIP_INSTALL = YES;
			};
			name = Release;
		};
/* End XCBuildConfiguration section */

/* Begin XCConfigurationList section */
		2768DF4D1B823D8000F657DF /* Build configuration list for PBXProject "frst" */ = {
			isa = XCConfigurationList;
			buildConfigurations = (
				2768DF621B823D8000F657DF /* Debug */,
				2768DF631B823D8000F657DF /* Release */,
			);
			defaultConfigurationIsVisible = 0;
			defaultConfigurationName = Release;
		};
		2768DF641B823D8000F657DF /* Build configuration list for PBXNativeTarget "frst" */ = {
			isa = XCConfigurationList;
			buildConfigurations = (
				2768DF651B823D8000F657DF /* Debug */,
				2768DF661B823D8000F657DF /* Release */,
			);
			defaultConfigurationIsVisible = 0;
			defaultConfigurationName = Release;
		};
		279B3EE31B8282D300FEEDA4 /* Build configuration list for PBXNativeTarget "frst-extension" */ = {
			isa = XCConfigurationList;
			buildConfigurations = (
				279B3EE41B8282D300FEEDA4 /* Debug */,
				279B3EE51B8282D300FEEDA4 /* Release */,
			);
			defaultConfigurationIsVisible = 0;
			defaultConfigurationName = Release;
		};
/* End XCConfigurationList section */
	};
	rootObject = 2768DF4A1B823D8000F657DF /* Project object */;
}
